
Microsoft Visual Studio Solution File, Format Version 12.00
# Visual Studio 15
VisualStudioVersion = 15.0.28307.757
MinimumVisualStudioVersion = 10.0.40219.1
Project("{FAE04EC0-301F-11D3-BF4B-00C04F79EFBC}") = "MouseClicker", "MouseClicker\MouseClicker.csproj", "{9E69A7CA-2557-4948-B0FC-F0B4DB09E09E}"
EndProject
Global
	GlobalSection(SolutionConfigurationPlatforms) = preSolution
		Debug|Any CPU = Debug|Any CPU
		Release|Any CPU = Release|Any CPU
	EndGlobalSection
	GlobalSection(ProjectConfigurationPlatforms) = postSolution
		{9E69A7CA-2557-4948-B0FC-F0B4DB09E09E}.Debug|Any CPU.ActiveCfg = Debug|Any CPU
		{9E69A7CA-2557-4948-B0FC-F0B4DB09E09E}.Debug|Any CPU.Build.0 = Debug|Any CPU
		{9E69A7CA-2557-4948-B0FC-F0B4DB09E09E}.Release|Any CPU.ActiveCfg = Release|Any CPU
		{9E69A7CA-2557-4948-B0FC-F0B4DB09E09E}.Release|Any CPU.Build.0 = Release|Any CPU
	EndGlobalSection
	GlobalSection(SolutionProperties) = preSolution
		HideSolutionNode = FALSE
	EndGlobalSection
	GlobalSection(ExtensibilityGlobals) = postSolution
		SolutionGuid = {9E45D5D3-22CB-4B31-B3F7-697D64F49CE7}
	EndGlobalSection
EndGlobal
